dependencies:
- name: postgresql
  repository: https://charts.bitnami.com/bitnami
  version: 10.16.2
- name: postgresql
  repository: https://charts.bitnami.com/bitnami
  version: 10.16.2
- name: kafka
  repository: https://charts.bitnami.com/bitnami
  version: 18.3.1
digest: sha256:2fa24f15abd8bc0ba7a36d280bd6fa2d76888eaa346a1306b2ba883f586f1370
generated: "2022-11-28T20:41:47.0736361+02:00"
